Microsoft Visual Studio Solution File, Format Version 11.00
# Visual Studio 2010
Project("{{64FFBE60-C56A-4f53-85EF-829D7A32391C}}") = "GPMS", "GPMS.csproj", "{64FFBE60-C56A-4F53-85EF-829D7A32391C}"
EndProject
Project("{{64FFBE60-C56A-4f53-85EF-829D7A32391E}}") = "GPMSEventsVB", "GPMSEventsVB.vbproj", "{64FFBE60-C56A-4F53-85EF-829D7A32391C}"
	ProjectSection(ProjectDependencies) = postProject
		{64FFBE60-C56A-4F53-85EF-829D7A32391C} = {64FFBE60-C56A-4F53-85EF-829D7A32391C}
	EndProjectSection
EndProject